
Microsoft Visual Studio Solution File, Format Version 12.00
# Visual Studio Version 16
VisualStudioVersion = 16.0.28803.352
MinimumVisualStudioVersion = 10.0.40219.1
Project("{FAE04EC0-301F-11D3-BF4B-00C04F79EFBC}") = "CTCI", "CTCI\CTCI.csproj", "{FBDCF06A-6879-4877-B579-6182922C5632}"
EndProject
Project("{FAE04EC0-301F-11D3-BF4B-00C04F79EFBC}") = "Chapter 1", "Chapter 1\Chapter 1.csproj", "{DCD16B85-E4BF-47F5-B4C2-452D7EFB7BD1}"
EndProject
Global
	GlobalSection(SolutionConfigurationPlatforms) = preSolution
		Debug|Any CPU = Debug|Any CPU
		Release|Any CPU = Release|Any CPU
	EndGlobalSection
	GlobalSection(ProjectConfigurationPlatforms) = postSolution
		{FBDCF06A-6879-4877-B579-6182922C5632}.Debug|Any CPU.ActiveCfg = Debug|Any CPU
		{FBDCF06A-6879-4877-B579-6182922C5632}.Debug|Any CPU.Build.0 = Debug|Any CPU
		{FBDCF06A-6879-4877-B579-6182922C5632}.Release|Any CPU.ActiveCfg = Release|Any CPU
		{FBDCF06A-6879-4877-B579-6182922C5632}.Release|Any CPU.Build.0 = Release|Any CPU
		{DCD16B85-E4BF-47F5-B4C2-452D7EFB7BD1}.Debug|Any CPU.ActiveCfg = Debug|Any CPU
		{DCD16B85-E4BF-47F5-B4C2-452D7EFB7BD1}.Debug|Any CPU.Build.0 = Debug|Any CPU
		{DCD16B85-E4BF-47F5-B4C2-452D7EFB7BD1}.Release|Any CPU.ActiveCfg = Release|Any CPU
		{DCD16B85-E4BF-47F5-B4C2-452D7EFB7BD1}.Release|Any CPU.Build.0 = Release|Any CPU
	EndGlobalSection
	GlobalSection(SolutionProperties) = preSolution
		HideSolutionNode = FALSE
	EndGlobalSection
	GlobalSection(ExtensibilityGlobals) = postSolution
		SolutionGuid = {AB8EBF35-BF98-4DDD-9241-EEA655653EA4}
	EndGlobalSection
EndGlobal
